
Microsoft Visual Studio Solution File, Format Version 12.00
# Visual Studio Version 17
VisualStudioVersion = 17.2.32616.157
MinimumVisualStudioVersion = 10.0.40219.1
Project("{54A90642-561A-4BB1-A94E-469ADEE60C69}") = "Mekashron.WEB", "Mekashron.WEB\Mekashron.WEB.esproj", "{16205F37-0618-4CDB-A145-B2C0CBAE8F6B}"
EndProject
Project("{FAE04EC0-301F-11D3-BF4B-00C04F79EFBC}") = "Mekashron.Server", "Mekashron.Server\Mekashron.Server.csproj", "{D8B7CD3D-C6CD-4E38-B87B-9D3B84E0773F}"
EndProject
Global
	GlobalSection(SolutionConfigurationPlatforms) = preSolution
		Debug|Any CPU = Debug|Any CPU
		Release|Any CPU = Release|Any CPU
	EndGlobalSection
	GlobalSection(ProjectConfigurationPlatforms) = postSolution
		{16205F37-0618-4CDB-A145-B2C0CBAE8F6B}.Debug|Any CPU.ActiveCfg = Debug|Any CPU
		{16205F37-0618-4CDB-A145-B2C0CBAE8F6B}.Debug|Any CPU.Build.0 = Debug|Any CPU
		{16205F37-0618-4CDB-A145-B2C0CBAE8F6B}.Debug|Any CPU.Deploy.0 = Debug|Any CPU
		{16205F37-0618-4CDB-A145-B2C0CBAE8F6B}.Release|Any CPU.ActiveCfg = Release|Any CPU
		{16205F37-0618-4CDB-A145-B2C0CBAE8F6B}.Release|Any CPU.Build.0 = Release|Any CPU
		{16205F37-0618-4CDB-A145-B2C0CBAE8F6B}.Release|Any CPU.Deploy.0 = Release|Any CPU
		{D8B7CD3D-C6CD-4E38-B87B-9D3B84E0773F}.Debug|Any CPU.ActiveCfg = Debug|Any CPU
		{D8B7CD3D-C6CD-4E38-B87B-9D3B84E0773F}.Debug|Any CPU.Build.0 = Debug|Any CPU
		{D8B7CD3D-C6CD-4E38-B87B-9D3B84E0773F}.Release|Any CPU.ActiveCfg = Release|Any CPU
		{D8B7CD3D-C6CD-4E38-B87B-9D3B84E0773F}.Release|Any CPU.Build.0 = Release|Any CPU
	EndGlobalSection
	GlobalSection(SolutionProperties) = preSolution
		HideSolutionNode = FALSE
	EndGlobalSection
	GlobalSection(ExtensibilityGlobals) = postSolution
		SolutionGuid = {40FCFA54-8DD8-4B5B-98F1-265067FF4AC1}
	EndGlobalSection
EndGlobal
